<?xml version="1.0" encoding="utf-8"?>
<Project ToolsVersion="4.0" xmlns="http://schemas.microsoft.com/developer/msbuild/2003">
  <ItemGroup>
    <Filter Include="Source Files">
      <UniqueIdentifier>{4FC737F1-C7A5-4376-A066-2A32D752A2FF}</UniqueIdentifier>
      <Extensions>cpp;c;cc;cxx;def;odl;idl;hpj;bat;asm;asmx</Extensions>
    </Filter>
    <Filter Include="Header Files">
      <UniqueIdentifier>{93995380-89BD-4b04-88EB-625FBE52EBFB}</UniqueIdentifier>
      <Extensions>h;hh;hpp;hxx;hm;inl;inc;xsd</Extensions>
    </Filter>
    <Filter Include="Resource Files">
      <UniqueIdentifier>{67DA6AB6-F800-4c08-8B7A-83BB121AAD01}</UniqueIdentifier>
      <Extensions>rc;ico;cur;bmp;dlg;rc2;rct;bin;rgs;gif;jpg;jpeg;jpe;resx;tiff;tif;png;wav;mfcribbon-ms</Extensions>
    </Filter>
  </ItemGroup>
  <ItemGroup>
    <None Include="Marlin\LCD Menu Tree.pdf" />
  </ItemGroup>
  <ItemGroup>
    <ClCompile Include="Marlin\BlinkM.cpp">
      <Filter>Source Files</Filter>
    </ClCompile>
    <ClCompile Include="Marlin\cardreader.cpp">
      <Filter>Source Files</Filter>
    </ClCompile>
    <ClCompile Include="Marlin\ConfigurationStore.cpp">
      <Filter>Source Files</Filter>
    </ClCompile>
    <ClCompile Include="Marlin\digipot_mcp4451.cpp">
      <Filter>Source Files</Filter>
    </ClCompile>
    <ClCompile Include="Marlin\genieArduino.cpp">
      <Filter>Source Files</Filter>
    </ClCompile>
    <ClCompile Include="Marlin\Hysteresis.cpp">
      <Filter>Source Files</Filter>
    </ClCompile>
    <ClCompile Include="Marlin\language.cpp">
      <Filter>Source Files</Filter>
    </ClCompile>
    <ClCompile Include="Marlin\LiquidCrystalRus.cpp">
      <Filter>Source Files</Filter>
    </ClCompile>
    <ClCompile Include="Marlin\Marlin_main.cpp">
      <Filter>Source Files</Filter>
    </ClCompile>
    <ClCompile Include="Marlin\motion_control.cpp">
      <Filter>Source Files</Filter>
    </ClCompile>
    <ClCompile Include="Marlin\planner.cpp">
      <Filter>Source Files</Filter>
    </ClCompile>
    <ClCompile Include="Marlin\qr_solve.cpp">
      <Filter>Source Files</Filter>
    </ClCompile>
    <ClCompile Include="Marlin\SD_ListFiles.cpp">
      <Filter>Source Files</Filter>
    </ClCompile>
    <ClCompile Include="Marlin\Sd2Card.cpp">
      <Filter>Source Files</Filter>
    </ClCompile>
    <ClCompile Include="Marlin\SdBaseFile.cpp">
      <Filter>Source Files</Filter>
    </ClCompile>
    <ClCompile Include="Marlin\SdFatUtil.cpp">
      <Filter>Source Files</Filter>
    </ClCompile>
    <ClCompile Include="Marlin\SdFile.cpp">
      <Filter>Source Files</Filter>
    </ClCompile>
    <ClCompile Include="Marlin\SdVolume.cpp">
      <Filter>Source Files</Filter>
    </ClCompile>
    <ClCompile Include="Marlin\Servo.cpp">
      <Filter>Source Files</Filter>
    </ClCompile>
    <ClCompile Include="Marlin\stepper.cpp">
      <Filter>Source Files</Filter>
    </ClCompile>
    <ClCompile Include="Marlin\temperature.cpp">
      <Filter>Source Files</Filter>
    </ClCompile>
    <ClCompile Include="Marlin\ultralcd.cpp">
      <Filter>Source Files</Filter>
    </ClCompile>
    <ClCompile Include="Marlin\vector_3.cpp">
      <Filter>Source Files</Filter>
    </ClCompile>
    <ClCompile Include="Marlin\watchdog.cpp">
      <Filter>Source Files</Filter>
    </ClCompile>
  </ItemGroup>
  <ItemGroup>
    <ClInclude Include="Marlin\BlinkM.h">
      <Filter>Header Files</Filter>
    </ClInclude>
    <ClInclude Include="Marlin\cardreader.h">
      <Filter>Header Files</Filter>
    </ClInclude>
    <ClInclude Include="Marlin\Configuration.h">
      <Filter>Header Files</Filter>
    </ClInclude>
    <ClInclude Include="Marlin\Configuration_adv.h">
      <Filter>Header Files</Filter>
    </ClInclude>
    <ClInclude Include="Marlin\ConfigurationStore.h">
      <Filter>Header Files</Filter>
    </ClInclude>
    <ClInclude Include="Marlin\dogm_font_data_marlin.h">
      <Filter>Header Files</Filter>
    </ClInclude>
    <ClInclude Include="Marlin\dogm_lcd_implementation.h">
      <Filter>Header Files</Filter>
    </ClInclude>
    <ClInclude Include="Marlin\DOGMbitmaps.h">
      <Filter>Header Files</Filter>
    </ClInclude>
    <ClInclude Include="Marlin\fastio.h">
      <Filter>Header Files</Filter>
    </ClInclude>
    <ClInclude Include="Marlin\genieArduino.h">
      <Filter>Header Files</Filter>
    </ClInclude>
    <ClInclude Include="Marlin\Hysteresis.h">
      <Filter>Header Files</Filter>
    </ClInclude>
    <ClInclude Include="Marlin\language.h">
      <Filter>Header Files</Filter>
    </ClInclude>
    <ClInclude Include="Marlin\LCD_Handler.h">
      <Filter>Header Files</Filter>
    </ClInclude>
    <ClInclude Include="Marlin\LiquidCrystalRus.h">
      <Filter>Header Files</Filter>
    </ClInclude>
    <ClInclude Include="Marlin\Marlin.h">
      <Filter>Header Files</Filter>
    </ClInclude>
    <ClInclude Include="Marlin\motion_control.h">
      <Filter>Header Files</Filter>
    </ClInclude>
    <ClInclude Include="Marlin\pins.h">
      <Filter>Header Files</Filter>
    </ClInclude>
    <ClInclude Include="Marlin\planner.h">
      <Filter>Header Files</Filter>
    </ClInclude>
    <ClInclude Include="Marlin\qr_solve.h">
      <Filter>Header Files</Filter>
    </ClInclude>
    <ClInclude Include="Marlin\SD_ListFiles.h">
      <Filter>Header Files</Filter>
    </ClInclude>
    <ClInclude Include="Marlin\Sd2Card.h">
      <Filter>Header Files</Filter>
    </ClInclude>
    <ClInclude Include="Marlin\Sd2PinMap.h">
      <Filter>Header Files</Filter>
    </ClInclude>
    <ClInclude Include="Marlin\SdBaseFile.h">
      <Filter>Header Files</Filter>
    </ClInclude>
    <ClInclude Include="Marlin\SdFatConfig.h">
      <Filter>Header Files</Filter>
    </ClInclude>
    <ClInclude Include="Marlin\SdFatStructs.h">
      <Filter>Header Files</Filter>
    </ClInclude>
    <ClInclude Include="Marlin\SdFatUtil.h">
      <Filter>Header Files</Filter>
    </ClInclude>
    <ClInclude Include="Marlin\SdFile.h">
      <Filter>Header Files</Filter>
    </ClInclude>
    <ClInclude Include="Marlin\SdInfo.h">
      <Filter>Header Files</Filter>
    </ClInclude>
    <ClInclude Include="Marlin\SdVolume.h">
      <Filter>Header Files</Filter>
    </ClInclude>
    <ClInclude Include="Marlin\Servo.h">
      <Filter>Header Files</Filter>
    </ClInclude>
    <ClInclude Include="Marlin\speed_lookuptable.h">
      <Filter>Header Files</Filter>
    </ClInclude>
    <ClInclude Include="Marlin\stepper.h">
      <Filter>Header Files</Filter>
    </ClInclude>
    <ClInclude Include="Marlin\temperature.h">
      <Filter>Header Files</Filter>
    </ClInclude>
    <ClInclude Include="Marlin\thermistortables.h">
      <Filter>Header Files</Filter>
    </ClInclude>
    <ClInclude Include="Marlin\Touch_Screen_Definitions.h">
      <Filter>Header Files</Filter>
    </ClInclude>
    <ClInclude Include="Marlin\ultralcd.h">
      <Filter>Header Files</Filter>
    </ClInclude>
    <ClInclude Include="Marlin\ultralcd_implementation_hitachi_HD44780.h">
      <Filter>Header Files</Filter>
    </ClInclude>
    <ClInclude Include="Marlin\ultralcd_st7920_u8glib_rrd.h">
      <Filter>Header Files</Filter>
    </ClInclude>
    <ClInclude Include="Marlin\vector_3.h">
      <Filter>Header Files</Filter>
    </ClInclude>
    <ClInclude Include="Marlin\watchdog.h">
      <Filter>Header Files</Filter>
    </ClInclude>
    <ClInclude Include="__vm\.BNC3D.vsarduino.h">
      <Filter>Header Files</Filter>
    </ClInclude>
  </ItemGroup>
  <ItemGroup>
    <Text Include="RumbaBoardPins.txt" />
    <Text Include="OpenPoints.txt" />
  </ItemGroup>
</Project>